# This file is automatically @generated by Poetry 1.8.3 and should not be changed by hand.

[[package]]
name = "cowsay"
version = "6.1"
description = "The famous cowsay for GNU/Linux is now available for python"
optional = false
python-versions = ">=3.8"
files = [
    {file = "cowsay-6.1-py3-none-any.whl", hash = "sha256:274b1e5fe5a5a0c696bd9b85cdfc0f636e6749aaaa7d3945e4a1a779b7d6b1c3"},
    {file = "cowsay-6.1.tar.gz", hash = "sha256:9e7f753a2eff12c55689e03c35aa4d93a58e5be9df4e4e7d5c9e0a21aa75c0d0"},
]

[metadata]
lock-version = "2.0"
python-versions = "^3.10"
content-hash = "e3b0c44298fc1c149afbf4c8996fb92427ae41e4649b934ca495991b7852b855"